
Microsoft Visual Studio Solution File, Format Version 12.00
# Visual Studio Version 17
VisualStudioVersion = 17.11.35312.102
MinimumVisualStudioVersion = 10.0.40219.1
Project("{9A19103F-16F7-4668-BE54-9A1E7A4F7556}") = "TaskManager.Core", "TaskManager.Core\TaskManager.Core.csproj", "{843F4A87-CFD8-472A-89AD-47D019ED660A}"
EndProject
Project("{9A19103F-16F7-4668-BE54-9A1E7A4F7556}") = "TaskManager.Api", "TaskManager.API\TaskManager.Api.csproj", "{3DDFED8A-B44E-4C2E-9645-6C23BAF1230C}"
EndProject
Project("{9A19103F-16F7-4668-BE54-9A1E7A4F7556}") = "TaskManager.Infrastructure", "TaskManager.Infrastructure\TaskManager.Infrastructure.csproj", "{05A791F6-8999-4BA6-A17B-9534609F10B6}"
EndProject
Project("{9A19103F-16F7-4668-BE54-9A1E7A4F7556}") = "TaskManager.Tests", "TaskManager.Tests\TaskManager.Tests.csproj", "{1CF2883C-753A-43BA-900F-8FED7158E096}"
EndProject
Global
	GlobalSection(SolutionConfigurationPlatforms) = preSolution
		Debug|Any CPU = Debug|Any CPU
		Release|Any CPU = Release|Any CPU
	EndGlobalSection
	GlobalSection(ProjectConfigurationPlatforms) = postSolution
		{843F4A87-CFD8-472A-89AD-47D019ED660A}.Debug|Any CPU.ActiveCfg = Debug|Any CPU
		{843F4A87-CFD8-472A-89AD-47D019ED660A}.Debug|Any CPU.Build.0 = Debug|Any CPU
		{843F4A87-CFD8-472A-89AD-47D019ED660A}.Release|Any CPU.ActiveCfg = Release|Any CPU
		{843F4A87-CFD8-472A-89AD-47D019ED660A}.Release|Any CPU.Build.0 = Release|Any CPU
		{3DDFED8A-B44E-4C2E-9645-6C23BAF1230C}.Debug|Any CPU.ActiveCfg = Debug|Any CPU
		{3DDFED8A-B44E-4C2E-9645-6C23BAF1230C}.Debug|Any CPU.Build.0 = Debug|Any CPU
		{3DDFED8A-B44E-4C2E-9645-6C23BAF1230C}.Release|Any CPU.ActiveCfg = Release|Any CPU
		{3DDFED8A-B44E-4C2E-9645-6C23BAF1230C}.Release|Any CPU.Build.0 = Release|Any CPU
		{05A791F6-8999-4BA6-A17B-9534609F10B6}.Debug|Any CPU.ActiveCfg = Debug|Any CPU
		{05A791F6-8999-4BA6-A17B-9534609F10B6}.Debug|Any CPU.Build.0 = Debug|Any CPU
		{05A791F6-8999-4BA6-A17B-9534609F10B6}.Release|Any CPU.ActiveCfg = Release|Any CPU
		{05A791F6-8999-4BA6-A17B-9534609F10B6}.Release|Any CPU.Build.0 = Release|Any CPU
		{1CF2883C-753A-43BA-900F-8FED7158E096}.Debug|Any CPU.ActiveCfg = Debug|Any CPU
		{1CF2883C-753A-43BA-900F-8FED7158E096}.Debug|Any CPU.Build.0 = Debug|Any CPU
		{1CF2883C-753A-43BA-900F-8FED7158E096}.Release|Any CPU.ActiveCfg = Release|Any CPU
		{1CF2883C-753A-43BA-900F-8FED7158E096}.Release|Any CPU.Build.0 = Release|Any CPU
	EndGlobalSection
	GlobalSection(SolutionProperties) = preSolution
		HideSolutionNode = FALSE
	EndGlobalSection
	GlobalSection(ExtensibilityGlobals) = postSolution
		SolutionGuid = {D7C08AB7-AE66-4285-9076-B747C5E39474}
	EndGlobalSection
EndGlobal
